<?xml version="1.0" encoding="utf-8"?>
<Project ToolsVersion="4.0" xmlns="http://schemas.microsoft.com/developer/msbuild/2003">
  <ItemGroup>
    <Filter Include="Src">
      <UniqueIdentifier>{02176b23-ec9b-4a4c-8ce4-26a3cccd1783}</UniqueIdentifier>
    </Filter>
    <Filter Include="Src\Graphics">
      <UniqueIdentifier>{077139ee-4f17-48d5-a6fc-f68cd63403e7}</UniqueIdentifier>
    </Filter>
    <Filter Include="Src\Math">
      <UniqueIdentifier>{7283d9da-dd93-46cd-83a5-5154fdd59b88}</UniqueIdentifier>
    </Filter>
    <Filter Include="Src\Utils">
      <UniqueIdentifier>{03fb72b8-7d44-4d32-b867-66bb610c3ed9}</UniqueIdentifier>
    </Filter>
  </ItemGroup>
  <ItemGroup>
    <ClCompile Include="..\Src\Main.cpp">
      <Filter>Src</Filter>
    </ClCompile>
    <ClCompile Include="..\Src\Timing.cpp">
      <Filter>Src</Filter>
    </ClCompile>
    <ClCompile Include="..\Src\Graphics\Axis.cpp">
      <Filter>Src\Graphics</Filter>
    </ClCompile>
    <ClCompile Include="..\Src\Graphics\Camera.cpp">
      <Filter>Src\Graphics</Filter>
    </ClCompile>
    <ClCompile Include="..\Src\Graphics\Car.cpp">
      <Filter>Src\Graphics</Filter>
    </ClCompile>
    <ClCompile Include="..\Src\Graphics\Cube.cpp">
      <Filter>Src\Graphics</Filter>
    </ClCompile>
    <ClCompile Include="..\Src\Graphics\Grid.cpp">
      <Filter>Src\Graphics</Filter>
    </ClCompile>
    <ClCompile Include="..\Src\Graphics\Mesh.cpp">
      <Filter>Src\Graphics</Filter>
    </ClCompile>
    <ClCompile Include="..\Src\Graphics\Shader.cpp">
      <Filter>Src\Graphics</Filter>
    </ClCompile>
    <ClCompile Include="..\Src\Graphics\Triangle.cpp">
      <Filter>Src\Graphics</Filter>
    </ClCompile>
    <ClCompile Include="..\Src\Math\MathUtil.cpp">
      <Filter>Src\Math</Filter>
    </ClCompile>
    <ClCompile Include="..\Src\Math\Matrix.cpp">
      <Filter>Src\Math</Filter>
    </ClCompile>
    <ClCompile Include="..\Src\Math\Vector.cpp">
      <Filter>Src\Math</Filter>
    </ClCompile>
    <ClCompile Include="..\Src\Utils\String.cpp">
      <Filter>Src\Utils</Filter>
    </ClCompile>
    <ClCompile Include="..\Src\Graphics\Quad.cpp">
      <Filter>Src\Graphics</Filter>
    </ClCompile>
    <ClCompile Include="..\Src\Graphics\Texture.cpp">
      <Filter>Src\Graphics</Filter>
    </ClCompile>
    <ClCompile Include="..\Src\Graphics\Wheel.cpp">
      <Filter>Src\Graphics</Filter>
    </ClCompile>
  </ItemGroup>
  <ItemGroup>
    <ClInclude Include="..\Src\Timing.h">
      <Filter>Src</Filter>
    </ClInclude>
    <ClInclude Include="..\Src\Graphics\Axis.h">
      <Filter>Src\Graphics</Filter>
    </ClInclude>
    <ClInclude Include="..\Src\Graphics\Camera.h">
      <Filter>Src\Graphics</Filter>
    </ClInclude>
    <ClInclude Include="..\Src\Graphics\Car.h">
      <Filter>Src\Graphics</Filter>
    </ClInclude>
    <ClInclude Include="..\Src\Graphics\Cube.h">
      <Filter>Src\Graphics</Filter>
    </ClInclude>
    <ClInclude Include="..\Src\Graphics\Grid.h">
      <Filter>Src\Graphics</Filter>
    </ClInclude>
    <ClInclude Include="..\Src\Graphics\Mesh.h">
      <Filter>Src\Graphics</Filter>
    </ClInclude>
    <ClInclude Include="..\Src\Graphics\Shader.h">
      <Filter>Src\Graphics</Filter>
    </ClInclude>
    <ClInclude Include="..\Src\Graphics\Triangle.h">
      <Filter>Src\Graphics</Filter>
    </ClInclude>
    <ClInclude Include="..\Src\Math\MathUtil.h">
      <Filter>Src\Math</Filter>
    </ClInclude>
    <ClInclude Include="..\Src\Math\Matrix.h">
      <Filter>Src\Math</Filter>
    </ClInclude>
    <ClInclude Include="..\Src\Math\Vector.h">
      <Filter>Src\Math</Filter>
    </ClInclude>
    <ClInclude Include="..\Src\Utils\String.h">
      <Filter>Src\Utils</Filter>
    </ClInclude>
    <ClInclude Include="..\Src\Graphics\Quad.h">
      <Filter>Src\Graphics</Filter>
    </ClInclude>
    <ClInclude Include="..\Src\Graphics\Texture.h">
      <Filter>Src\Graphics</Filter>
    </ClInclude>
    <ClInclude Include="..\Src\Graphics\Wheel.h">
      <Filter>Src\Graphics</Filter>
    </ClInclude>
  </ItemGroup>
</Project>