// !$*UTF8*$!
{
	archiveVersion = 1;
	classes = {
	};
	objectVersion = 46;
	objects = {

/* Begin PBXBuildFile section */
		0333752422AEEB3000887DBC /* libglfw3.a in Frameworks */ = {isa = PBXBuildFile; fileRef = 0333752322AEEB3000887DBC /* libglfw3.a */; };
		038B78851A6EBBCE00111E36 /* OpenGL.framework in Frameworks */ = {isa = PBXBuildFile; fileRef = 038B78841A6EBBCE00111E36 /* OpenGL.framework */; };
		038B79161A6FF2E900111E36 /* Cocoa.framework in Frameworks */ = {isa = PBXBuildFile; fileRef = 038B79151A6FF2E900111E36 /* Cocoa.framework */; };
		038B791A1A6FF39000111E36 /* CoreVideo.framework in Frameworks */ = {isa = PBXBuildFile; fileRef = 038B79191A6FF39000111E36 /* CoreVideo.framework */; };
		038B791E1A6FF3EB00111E36 /* IOKit.framework in Frameworks */ = {isa = PBXBuildFile; fileRef = 038B791D1A6FF3EB00111E36 /* IOKit.framework */; };
		03CF97D11B56DF9A00F60482 /* libfreeimage.a in Frameworks */ = {isa = PBXBuildFile; fileRef = 03CF97D01B56DF9A00F60482 /* libfreeimage.a */; };
		03DA72D222B02FC5009C7A21 /* libGLEW.a in Frameworks */ = {isa = PBXBuildFile; fileRef = 03DA72D122B02FC5009C7A21 /* libGLEW.a */; };
		190B8FBE232C086D00F96298 /* Grid.cpp in Sources */ = {isa = PBXBuildFile; fileRef = 190B8FBD232C086D00F96298 /* Grid.cpp */; };
		19240964232B292B0062AC03 /* Cube.cpp in Sources */ = {isa = PBXBuildFile; fileRef = 19240963232B292B0062AC03 /* Cube.cpp */; };
		19240967232B30540062AC03 /* Car.cpp in Sources */ = {isa = PBXBuildFile; fileRef = 19240966232B30540062AC03 /* Car.cpp */; };
		193AD0E6232A8276007879F4 /* String.cpp in Sources */ = {isa = PBXBuildFile; fileRef = 193AD0D9232A8276007879F4 /* String.cpp */; };
		193AD0E8232A8276007879F4 /* MathUtil.cpp in Sources */ = {isa = PBXBuildFile; fileRef = 193AD0DF232A8276007879F4 /* MathUtil.cpp */; };
		193AD0E9232A8276007879F4 /* Vector.cpp in Sources */ = {isa = PBXBuildFile; fileRef = 193AD0E0232A8276007879F4 /* Vector.cpp */; };
		193AD0EA232A8276007879F4 /* Matrix.cpp in Sources */ = {isa = PBXBuildFile; fileRef = 193AD0E1232A8276007879F4 /* Matrix.cpp */; };
		193AD0EB232A8276007879F4 /* Timing.cpp in Sources */ = {isa = PBXBuildFile; fileRef = 193AD0E4232A8276007879F4 /* Timing.cpp */; };
		193AD0EC232A8276007879F4 /* Main.cpp in Sources */ = {isa = PBXBuildFile; fileRef = 193AD0E5232A8276007879F4 /* Main.cpp */; };
		193AD0F6232A83DF007879F4 /* Shader.cpp in Sources */ = {isa = PBXBuildFile; fileRef = 193AD0F5232A83DF007879F4 /* Shader.cpp */; };
		193AD10B232A9227007879F4 /* Mesh.cpp in Sources */ = {isa = PBXBuildFile; fileRef = 193AD10A232A9227007879F4 /* Mesh.cpp */; };
		193AD10E232A94BC007879F4 /* Triangle.cpp in Sources */ = {isa = PBXBuildFile; fileRef = 193AD10D232A94BC007879F4 /* Triangle.cpp */; };
		19624A5323463662006291CE /* Shaders in CopyFiles */ = {isa = PBXBuildFile; fileRef = 19624A5223463651006291CE /* Shaders */; };
		197123C82347F9F3006A7739 /* Texture.cpp in Sources */ = {isa = PBXBuildFile; fileRef = 197123C72347F9F3006A7739 /* Texture.cpp */; };
		1980EDAB236B07CD003AF87E /* Player.cpp in Sources */ = {isa = PBXBuildFile; fileRef = 1980EDAA236B07CD003AF87E /* Player.cpp */; };
		198CE12A232AFD6E009C2FBF /* Camera.cpp in Sources */ = {isa = PBXBuildFile; fileRef = 198CE128232AFD6E009C2FBF /* Camera.cpp */; };
		19BF9A60232DE8FA00FF13A1 /* Axis.cpp in Sources */ = {isa = PBXBuildFile; fileRef = 19BF9A5E232DE8FA00FF13A1 /* Axis.cpp */; };
		19D8A23A2352E0F6005F224D /* Wheel.cpp in Sources */ = {isa = PBXBuildFile; fileRef = 19D8A2392352E0F6005F224D /* Wheel.cpp */; };
		19F67BB223498A9100A02E77 /* Quad.cpp in Sources */ = {isa = PBXBuildFile; fileRef = 19F67BB123498A9100A02E77 /* Quad.cpp */; };
		19F67BCD2349A1DF00A02E77 /* Textures in CopyFiles */ = {isa = PBXBuildFile; fileRef = 19F67BCC2349A1D700A02E77 /* Textures */; };
/* End PBXBuildFile section */

/* Begin PBXCopyFilesBuildPhase section */
		034F0BBF1A7017180028E1BA /* CopyFiles */ = {
			isa = PBXCopyFilesBuildPhase;
			buildActionMask = 2147483647;
			dstPath = "";
			dstSubfolderSpec = 16;
			files = (
				19F67BCD2349A1DF00A02E77 /* Textures in CopyFiles */,
				19624A5323463662006291CE /* Shaders in CopyFiles */,
			);
			runOnlyForDeploymentPostprocessing = 0;
		};
/* End PBXCopyFilesBuildPhase section */

/* Begin PBXFileReference section */
		0333752322AEEB3000887DBC /* libglfw3.a */ = {isa = PBXFileReference; lastKnownFileType = archive.ar; name = libglfw3.a; path = "../ThirdParty/glfw-3.3/lib/osx/libglfw3.a"; sourceTree = "<group>"; };
		0371ABCB1A6EAF2E00029CF8 /* COMP371_Labs */ = {isa = PBXFileReference; explicitFileType = "compiled.mach-o.executable"; includeInIndex = 0; path = COMP371_Labs; sourceTree = BUILT_PRODUCTS_DIR; };
		038B78841A6EBBCE00111E36 /* OpenGL.framework */ = {isa = PBXFileReference; lastKnownFileType = wrapper.framework; name = OpenGL.framework; path = System/Library/Frameworks/OpenGL.framework; sourceTree = SDKROOT; };
		038B79151A6FF2E900111E36 /* Cocoa.framework */ = {isa = PBXFileReference; lastKnownFileType = wrapper.framework; name = Cocoa.framework; path = System/Library/Frameworks/Cocoa.framework; sourceTree = SDKROOT; };
		038B79191A6FF39000111E36 /* CoreVideo.framework */ = {isa = PBXFileReference; lastKnownFileType = wrapper.framework; name = CoreVideo.framework; path = System/Library/Frameworks/CoreVideo.framework; sourceTree = SDKROOT; };
		038B791B1A6FF3D100111E36 /* CoreFoundation.framework */ = {isa = PBXFileReference; lastKnownFileType = wrapper.framework; name = CoreFoundation.framework; path = System/Library/Frameworks/CoreFoundation.framework; sourceTree = SDKROOT; };
		038B791D1A6FF3EB00111E36 /* IOKit.framework */ = {isa = PBXFileReference; lastKnownFileType = wrapper.framework; name = IOKit.framework; path = System/Library/Frameworks/IOKit.framework; sourceTree = SDKROOT; };
		03CF97D01B56DF9A00F60482 /* libfreeimage.a */ = {isa = PBXFileReference; lastKnownFileType = archive.ar; name = libfreeimage.a; path = "../ThirdParty/FreeImage-3170/lib/osx/libfreeimage.a"; sourceTree = "<group>"; };
		03DA72D122B02FC5009C7A21 /* libGLEW.a */ = {isa = PBXFileReference; lastKnownFileType = archive.ar; name = libGLEW.a; path = "../ThirdParty/glew-2.1.0/lib/osx/libGLEW.a"; sourceTree = "<group>"; };
		190B8FBC232C086D00F96298 /* Grid.h */ = {isa = PBXFileReference; lastKnownFileType = sourcecode.c.h; path = Grid.h; sourceTree = "<group>"; };
		190B8FBD232C086D00F96298 /* Grid.cpp */ = {isa = PBXFileReference; lastKnownFileType = sourcecode.cpp.cpp; path = Grid.cpp; sourceTree = "<group>"; };
		19240962232B292B0062AC03 /* Cube.h */ = {isa = PBXFileReference; lastKnownFileType = sourcecode.c.h; path = Cube.h; sourceTree = "<group>"; };
		19240963232B292B0062AC03 /* Cube.cpp */ = {isa = PBXFileReference; lastKnownFileType = sourcecode.cpp.cpp; path = Cube.cpp; sourceTree = "<group>"; };
		19240965232B30540062AC03 /* Car.h */ = {isa = PBXFileReference; lastKnownFileType = sourcecode.c.h; path = Car.h; sourceTree = "<group>"; };
		19240966232B30540062AC03 /* Car.cpp */ = {isa = PBXFileReference; lastKnownFileType = sourcecode.cpp.cpp; path = Car.cpp; sourceTree = "<group>"; };
		193AD0D7232A8276007879F4 /* Timing.h */ = {isa = PBXFileReference; fileEncoding = 4; lastKnownFileType = sourcecode.c.h; path = Timing.h; sourceTree = "<group>"; };
		193AD0D9232A8276007879F4 /* String.cpp */ = {isa = PBXFileReference; fileEncoding = 4; lastKnownFileType = sourcecode.cpp.cpp; path = String.cpp; sourceTree = "<group>"; };
		193AD0DC232A8276007879F4 /* String.h */ = {isa = PBXFileReference; fileEncoding = 4; lastKnownFileType = sourcecode.c.h; path = String.h; sourceTree = "<group>"; };
		193AD0DE232A8276007879F4 /* Matrix.h */ = {isa = PBXFileReference; fileEncoding = 4; lastKnownFileType = sourcecode.c.h; path = Matrix.h; sourceTree = "<group>"; };
		193AD0DF232A8276007879F4 /* MathUtil.cpp */ = {isa = PBXFileReference; fileEncoding = 4; lastKnownFileType = sourcecode.cpp.cpp; path = MathUtil.cpp; sourceTree = "<group>"; };
		193AD0E0232A8276007879F4 /* Vector.cpp */ = {isa = PBXFileReference; fileEncoding = 4; lastKnownFileType = sourcecode.cpp.cpp; path = Vector.cpp; sourceTree = "<group>"; };
		193AD0E1232A8276007879F4 /* Matrix.cpp */ = {isa = PBXFileReference; fileEncoding = 4; lastKnownFileType = sourcecode.cpp.cpp; path = Matrix.cpp; sourceTree = "<group>"; };
		193AD0E2232A8276007879F4 /* MathUtil.h */ = {isa = PBXFileReference; fileEncoding = 4; lastKnownFileType = sourcecode.c.h; path = MathUtil.h; sourceTree = "<group>"; };
		193AD0E3232A8276007879F4 /* Vector.h */ = {isa = PBXFileReference; fileEncoding = 4; lastKnownFileType = sourcecode.c.h; path = Vector.h; sourceTree = "<group>"; };
		193AD0E4232A8276007879F4 /* Timing.cpp */ = {isa = PBXFileReference; fileEncoding = 4; lastKnownFileType = sourcecode.cpp.cpp; path = Timing.cpp; sourceTree = "<group>"; };
		193AD0E5232A8276007879F4 /* Main.cpp */ = {isa = PBXFileReference; fileEncoding = 4; lastKnownFileType = sourcecode.cpp.cpp; path = Main.cpp; sourceTree = "<group>"; };
		193AD0F4232A83DF007879F4 /* Shader.h */ = {isa = PBXFileReference; lastKnownFileType = sourcecode.c.h; path = Shader.h; sourceTree = "<group>"; };
		193AD0F5232A83DF007879F4 /* Shader.cpp */ = {isa = PBXFileReference; lastKnownFileType = sourcecode.cpp.cpp; path = Shader.cpp; sourceTree = "<group>"; };
		193AD109232A9227007879F4 /* Mesh.h */ = {isa = PBXFileReference; lastKnownFileType = sourcecode.c.h; path = Mesh.h; sourceTree = "<group>"; };
		193AD10A232A9227007879F4 /* Mesh.cpp */ = {isa = PBXFileReference; lastKnownFileType = sourcecode.cpp.cpp; path = Mesh.cpp; sourceTree = "<group>"; };
		193AD10C232A94BC007879F4 /* Triangle.h */ = {isa = PBXFileReference; lastKnownFileType = sourcecode.c.h; path = Triangle.h; sourceTree = "<group>"; };
		193AD10D232A94BC007879F4 /* Triangle.cpp */ = {isa = PBXFileReference; lastKnownFileType = sourcecode.cpp.cpp; path = Triangle.cpp; sourceTree = "<group>"; };
		19624A5223463651006291CE /* Shaders */ = {isa = PBXFileReference; lastKnownFileType = folder; path = Shaders; sourceTree = "<group>"; };
		197123C62347F9F3006A7739 /* Texture.h */ = {isa = PBXFileReference; lastKnownFileType = sourcecode.c.h; path = Texture.h; sourceTree = "<group>"; };
		197123C72347F9F3006A7739 /* Texture.cpp */ = {isa = PBXFileReference; lastKnownFileType = sourcecode.cpp.cpp; path = Texture.cpp; sourceTree = "<group>"; };
		1980EDA9236B07CD003AF87E /* Player.h */ = {isa = PBXFileReference; lastKnownFileType = sourcecode.c.h; path = Player.h; sourceTree = "<group>"; };
		1980EDAA236B07CD003AF87E /* Player.cpp */ = {isa = PBXFileReference; lastKnownFileType = sourcecode.cpp.cpp; path = Player.cpp; sourceTree = "<group>"; };
		198CE128232AFD6E009C2FBF /* Camera.cpp */ = {isa = PBXFileReference; fileEncoding = 4; lastKnownFileType = sourcecode.cpp.cpp; path = Camera.cpp; sourceTree = "<group>"; };
		198CE129232AFD6E009C2FBF /* Camera.h */ = {isa = PBXFileReference; fileEncoding = 4; lastKnownFileType = sourcecode.c.h; path = Camera.h; sourceTree = "<group>"; };
		19BF9A5E232DE8FA00FF13A1 /* Axis.cpp */ = {isa = PBXFileReference; fileEncoding = 4; lastKnownFileType = sourcecode.cpp.cpp; path = Axis.cpp; sourceTree = "<group>"; };
		19BF9A5F232DE8FA00FF13A1 /* Axis.h */ = {isa = PBXFileReference; fileEncoding = 4; lastKnownFileType = sourcecode.c.h; path = Axis.h; sourceTree = "<group>"; };
		19D8A2382352E0F6005F224D /* Wheel.h */ = {isa = PBXFileReference; lastKnownFileType = sourcecode.c.h; path = Wheel.h; sourceTree = "<group>"; };
		19D8A2392352E0F6005F224D /* Wheel.cpp */ = {isa = PBXFileReference; lastKnownFileType = sourcecode.cpp.cpp; path = Wheel.cpp; sourceTree = "<group>"; };
		19D8A23B2352E288005F224D /* OBJ_Loader.h */ = {isa = PBXFileReference; fileEncoding = 4; lastKnownFileType = sourcecode.c.h; path = OBJ_Loader.h; sourceTree = "<group>"; };
		19F67BB023498A9100A02E77 /* Quad.h */ = {isa = PBXFileReference; lastKnownFileType = sourcecode.c.h; path = Quad.h; sourceTree = "<group>"; };
		19F67BB123498A9100A02E77 /* Quad.cpp */ = {isa = PBXFileReference; lastKnownFileType = sourcecode.cpp.cpp; path = Quad.cpp; sourceTree = "<group>"; };
		19F67BCC2349A1D700A02E77 /* Textures */ = {isa = PBXFileReference; lastKnownFileType = folder; path = Textures; sourceTree = "<group>"; };
/* End PBXFileReference section */

/* Begin PBXFrameworksBuildPhase section */
		0371ABC81A6EAF2E00029CF8 /* Frameworks */ = {
			isa = PBXFrameworksBuildPhase;
			buildActionMask = 2147483647;
			files = (
				03CF97D11B56DF9A00F60482 /* libfreeimage.a in Frameworks */,
				0333752422AEEB3000887DBC /* libglfw3.a in Frameworks */,
				038B791E1A6FF3EB00111E36 /* IOKit.framework in Frameworks */,
				038B791A1A6FF39000111E36 /* CoreVideo.framework in Frameworks */,
				03DA72D222B02FC5009C7A21 /* libGLEW.a in Frameworks */,
				038B79161A6FF2E900111E36 /* Cocoa.framework in Frameworks */,
				038B78851A6EBBCE00111E36 /* OpenGL.framework in Frameworks */,
			);
			runOnlyForDeploymentPostprocessing = 0;
		};
/* End PBXFrameworksBuildPhase section */

/* Begin PBXGroup section */
		034F0BB11A700D0F0028E1BA /* Linked Frameworks */ = {
			isa = PBXGroup;
			children = (
				03CF97D01B56DF9A00F60482 /* libfreeimage.a */,
				03DA72D122B02FC5009C7A21 /* libGLEW.a */,
				0333752322AEEB3000887DBC /* libglfw3.a */,
				038B791D1A6FF3EB00111E36 /* IOKit.framework */,
				038B791B1A6FF3D100111E36 /* CoreFoundation.framework */,
				038B79191A6FF39000111E36 /* CoreVideo.framework */,
				038B79151A6FF2E900111E36 /* Cocoa.framework */,
				038B78841A6EBBCE00111E36 /* OpenGL.framework */,
			);
			name = "Linked Frameworks";
			sourceTree = "<group>";
		};
		0371ABC21A6EAF2E00029CF8 = {
			isa = PBXGroup;
			children = (
				193AD0D6232A8276007879F4 /* Src */,
				193AD0EE232A8286007879F4 /* Resources */,
				034F0BB11A700D0F0028E1BA /* Linked Frameworks */,
				0371ABCC1A6EAF2E00029CF8 /* Products */,
			);
			sourceTree = "<group>";
		};
		0371ABCC1A6EAF2E00029CF8 /* Products */ = {
			isa = PBXGroup;
			children = (
				0371ABCB1A6EAF2E00029CF8 /* COMP371_Labs */,
			);
			name = Products;
			sourceTree = "<group>";
		};
		193AD0D6232A8276007879F4 /* Src */ = {
			isa = PBXGroup;
			children = (
				193AD0E5232A8276007879F4 /* Main.cpp */,
				193AD0E4232A8276007879F4 /* Timing.cpp */,
				193AD0D7232A8276007879F4 /* Timing.h */,
				1980EDA8236B07BA003AF87E /* Controllers */,
				193AD0F3232A83CE007879F4 /* Graphics */,
				193AD0D8232A8276007879F4 /* Utils */,
				193AD0DD232A8276007879F4 /* Math */,
			);
			name = Src;
			path = ../Src;
			sourceTree = "<group>";
		};
		193AD0D8232A8276007879F4 /* Utils */ = {
			isa = PBXGroup;
			children = (
				193AD0D9232A8276007879F4 /* String.cpp */,
				193AD0DC232A8276007879F4 /* String.h */,
				19D8A23B2352E288005F224D /* OBJ_Loader.h */,
			);
			path = Utils;
			sourceTree = "<group>";
		};
		193AD0DD232A8276007879F4 /* Math */ = {
			isa = PBXGroup;
			children = (
				193AD0DF232A8276007879F4 /* MathUtil.cpp */,
				193AD0E2232A8276007879F4 /* MathUtil.h */,
				193AD0E1232A8276007879F4 /* Matrix.cpp */,
				193AD0DE232A8276007879F4 /* Matrix.h */,
				193AD0E0232A8276007879F4 /* Vector.cpp */,
				193AD0E3232A8276007879F4 /* Vector.h */,
			);
			path = Math;
			sourceTree = "<group>";
		};
		193AD0EE232A8286007879F4 /* Resources */ = {
			isa = PBXGroup;
			children = (
				19F67BCC2349A1D700A02E77 /* Textures */,
				19624A5223463651006291CE /* Shaders */,
			);
			name = Resources;
			path = ../Resources;
			sourceTree = "<group>";
		};
		193AD0F3232A83CE007879F4 /* Graphics */ = {
			isa = PBXGroup;
			children = (
				19BF9A5E232DE8FA00FF13A1 /* Axis.cpp */,
				19BF9A5F232DE8FA00FF13A1 /* Axis.h */,
				198CE128232AFD6E009C2FBF /* Camera.cpp */,
				198CE129232AFD6E009C2FBF /* Camera.h */,
				19240966232B30540062AC03 /* Car.cpp */,
				19240965232B30540062AC03 /* Car.h */,
				19240963232B292B0062AC03 /* Cube.cpp */,
				19240962232B292B0062AC03 /* Cube.h */,
				190B8FBD232C086D00F96298 /* Grid.cpp */,
				190B8FBC232C086D00F96298 /* Grid.h */,
				193AD10A232A9227007879F4 /* Mesh.cpp */,
				193AD109232A9227007879F4 /* Mesh.h */,
				193AD0F5232A83DF007879F4 /* Shader.cpp */,
				193AD0F4232A83DF007879F4 /* Shader.h */,
				197123C72347F9F3006A7739 /* Texture.cpp */,
				197123C62347F9F3006A7739 /* Texture.h */,
				193AD10D232A94BC007879F4 /* Triangle.cpp */,
				193AD10C232A94BC007879F4 /* Triangle.h */,
				19F67BB123498A9100A02E77 /* Quad.cpp */,
				19F67BB023498A9100A02E77 /* Quad.h */,
				19D8A2392352E0F6005F224D /* Wheel.cpp */,
				19D8A2382352E0F6005F224D /* Wheel.h */,
			);
			path = Graphics;
			sourceTree = "<group>";
		};
		1980EDA8236B07BA003AF87E /* Controllers */ = {
			isa = PBXGroup;
			children = (
				1980EDAA236B07CD003AF87E /* Player.cpp */,
				1980EDA9236B07CD003AF87E /* Player.h */,
			);
			path = Controllers;
			sourceTree = "<group>";
		};
/* End PBXGroup section */

/* Begin PBXNativeTarget section */
		0371ABCA1A6EAF2E00029CF8 /* COMP371_Labs */ = {
			isa = PBXNativeTarget;
			buildConfigurationList = 0371ABD21A6EAF2E00029CF8 /* Build configuration list for PBXNativeTarget "COMP371_Labs" */;
			buildPhases = (
				0371ABC71A6EAF2E00029CF8 /* Sources */,
				0371ABC81A6EAF2E00029CF8 /* Frameworks */,
				034F0BBF1A7017180028E1BA /* CopyFiles */,
			);
			buildRules = (
			);
			dependencies = (
			);
			name = COMP371_Labs;
			productName = COMP371_Labs;
			productReference = 0371ABCB1A6EAF2E00029CF8 /* COMP371_Labs */;
			productType = "com.apple.product-type.tool";
		};
/* End PBXNativeTarget section */

/* Begin PBXProject section */
		0371ABC31A6EAF2E00029CF8 /* Project object */ = {
			isa = PBXProject;
			attributes = {
				LastUpgradeCheck = 1100;
				ORGANIZATIONNAME = Concordia;
				TargetAttributes = {
					0371ABCA1A6EAF2E00029CF8 = {
						CreatedOnToolsVersion = 6.1;
					};
				};
			};
			buildConfigurationList = 0371ABC61A6EAF2E00029CF8 /* Build configuration list for PBXProject "COMP371 Final Project" */;
			compatibilityVersion = "Xcode 3.2";
			developmentRegion = en;
			hasScannedForEncodings = 0;
			knownRegions = (
				en,
				Base,
			);
			mainGroup = 0371ABC21A6EAF2E00029CF8;
			productRefGroup = 0371ABCC1A6EAF2E00029CF8 /* Products */;
			projectDirPath = "";
			projectRoot = "";
			targets = (
				0371ABCA1A6EAF2E00029CF8 /* COMP371_Labs */,
			);
		};
/* End PBXProject section */

/* Begin PBXSourcesBuildPhase section */
		0371ABC71A6EAF2E00029CF8 /* Sources */ = {
			isa = PBXSourcesBuildPhase;
			buildActionMask = 2147483647;
			files = (
				197123C82347F9F3006A7739 /* Texture.cpp in Sources */,
				193AD0E8232A8276007879F4 /* MathUtil.cpp in Sources */,
				1980EDAB236B07CD003AF87E /* Player.cpp in Sources */,
				193AD0EC232A8276007879F4 /* Main.cpp in Sources */,
				198CE12A232AFD6E009C2FBF /* Camera.cpp in Sources */,
				19F67BB223498A9100A02E77 /* Quad.cpp in Sources */,
				193AD0E9232A8276007879F4 /* Vector.cpp in Sources */,
				19240964232B292B0062AC03 /* Cube.cpp in Sources */,
				193AD0E6232A8276007879F4 /* String.cpp in Sources */,
				19240967232B30540062AC03 /* Car.cpp in Sources */,
				193AD0F6232A83DF007879F4 /* Shader.cpp in Sources */,
				190B8FBE232C086D00F96298 /* Grid.cpp in Sources */,
				19D8A23A2352E0F6005F224D /* Wheel.cpp in Sources */,
				193AD0EA232A8276007879F4 /* Matrix.cpp in Sources */,
				19BF9A60232DE8FA00FF13A1 /* Axis.cpp in Sources */,
				193AD10B232A9227007879F4 /* Mesh.cpp in Sources */,
				193AD10E232A94BC007879F4 /* Triangle.cpp in Sources */,
				193AD0EB232A8276007879F4 /* Timing.cpp in Sources */,
			);
			runOnlyForDeploymentPostprocessing = 0;
		};
/* End PBXSourcesBuildPhase section */

/* Begin XCBuildConfiguration section */
		0371ABD01A6EAF2E00029CF8 /* Debug */ = {
			isa = XCBuildConfiguration;
			buildSettings = {
				ALWAYS_SEARCH_USER_PATHS = NO;
				CLANG_ANALYZER_LOCALIZABILITY_NONLOCALIZED = YES;
				CLANG_CXX_LANGUAGE_STANDARD = "gnu++0x";
				CLANG_CXX_LIBRARY = "libc++";
				CLANG_ENABLE_MODULES = YES;
				CLANG_ENABLE_OBJC_ARC = YES;
				CLANG_WARN_BLOCK_CAPTURE_AUTORELEASING = YES;
				CLANG_WARN_BOOL_CONVERSION = YES;
				CLANG_WARN_COMMA = YES;
				CLANG_WARN_CONSTANT_CONVERSION = YES;
				CLANG_WARN_DEPRECATED_OBJC_IMPLEMENTATIONS = YES;
				CLANG_WARN_DIRECT_OBJC_ISA_USAGE = YES_ERROR;
				CLANG_WARN_EMPTY_BODY = YES;
				CLANG_WARN_ENUM_CONVERSION = YES;
				CLANG_WARN_INFINITE_RECURSION = YES;
				CLANG_WARN_INT_CONVERSION = YES;
				CLANG_WARN_NON_LITERAL_NULL_CONVERSION = YES;
				CLANG_WARN_OBJC_IMPLICIT_RETAIN_SELF = YES;
				CLANG_WARN_OBJC_LITERAL_CONVERSION = YES;
				CLANG_WARN_OBJC_ROOT_CLASS = YES_ERROR;
				CLANG_WARN_RANGE_LOOP_ANALYSIS = YES;
				CLANG_WARN_STRICT_PROTOTYPES = YES;
				CLANG_WARN_SUSPICIOUS_MOVE = YES;
				CLANG_WARN_UNREACHABLE_CODE = YES;
				CLANG_WARN__DUPLICATE_METHOD_MATCH = YES;
				COPY_PHASE_STRIP = NO;
				ENABLE_STRICT_OBJC_MSGSEND = YES;
				ENABLE_TESTABILITY = YES;
				GCC_C_LANGUAGE_STANDARD = gnu99;
				GCC_DYNAMIC_NO_PIC = NO;
				GCC_NO_COMMON_BLOCKS = YES;
				GCC_OPTIMIZATION_LEVEL = 0;
				GCC_PREPROCESSOR_DEFINITIONS = (
					"DEBUG=1",
					"$(inherited)",
				);
				GCC_SYMBOLS_PRIVATE_EXTERN = NO;
				GCC_WARN_64_TO_32_BIT_CONVERSION = YES;
				GCC_WARN_ABOUT_RETURN_TYPE = YES_ERROR;
				GCC_WARN_UNDECLARED_SELECTOR = YES;
				GCC_WARN_UNINITIALIZED_AUTOS = YES_AGGRESSIVE;
				GCC_WARN_UNUSED_FUNCTION = YES;
				GCC_WARN_UNUSED_VARIABLE = YES;
				MACOSX_DEPLOYMENT_TARGET = 10.14;
				MTL_ENABLE_DEBUG_INFO = YES;
				ONLY_ACTIVE_ARCH = YES;
				SDKROOT = macosx;
			};
			name = Debug;
		};
		0371ABD11A6EAF2E00029CF8 /* Release */ = {
			isa = XCBuildConfiguration;
			buildSettings = {
				ALWAYS_SEARCH_USER_PATHS = NO;
				CLANG_ANALYZER_LOCALIZABILITY_NONLOCALIZED = YES;
				CLANG_CXX_LANGUAGE_STANDARD = "gnu++0x";
				CLANG_CXX_LIBRARY = "libc++";
				CLANG_ENABLE_MODULES = YES;
				CLANG_ENABLE_OBJC_ARC = YES;
				CLANG_WARN_BLOCK_CAPTURE_AUTORELEASING = YES;
				CLANG_WARN_BOOL_CONVERSION = YES;
				CLANG_WARN_COMMA = YES;
				CLANG_WARN_CONSTANT_CONVERSION = YES;
				CLANG_WARN_DEPRECATED_OBJC_IMPLEMENTATIONS = YES;
				CLANG_WARN_DIRECT_OBJC_ISA_USAGE = YES_ERROR;
				CLANG_WARN_EMPTY_BODY = YES;
				CLANG_WARN_ENUM_CONVERSION = YES;
				CLANG_WARN_INFINITE_RECURSION = YES;
				CLANG_WARN_INT_CONVERSION = YES;
				CLANG_WARN_NON_LITERAL_NULL_CONVERSION = YES;
				CLANG_WARN_OBJC_IMPLICIT_RETAIN_SELF = YES;
				CLANG_WARN_OBJC_LITERAL_CONVERSION = YES;
				CLANG_WARN_OBJC_ROOT_CLASS = YES_ERROR;
				CLANG_WARN_RANGE_LOOP_ANALYSIS = YES;
				CLANG_WARN_STRICT_PROTOTYPES = YES;
				CLANG_WARN_SUSPICIOUS_MOVE = YES;
				CLANG_WARN_UNREACHABLE_CODE = YES;
				CLANG_WARN__DUPLICATE_METHOD_MATCH = YES;
				COPY_PHASE_STRIP = YES;
				DEBUG_INFORMATION_FORMAT = "dwarf-with-dsym";
				ENABLE_NS_ASSERTIONS = NO;
				ENABLE_STRICT_OBJC_MSGSEND = YES;
				GCC_C_LANGUAGE_STANDARD = gnu99;
				GCC_NO_COMMON_BLOCKS = YES;
				GCC_WARN_64_TO_32_BIT_CONVERSION = YES;
				GCC_WARN_ABOUT_RETURN_TYPE = YES_ERROR;
				GCC_WARN_UNDECLARED_SELECTOR = YES;
				GCC_WARN_UNINITIALIZED_AUTOS = YES_AGGRESSIVE;
				GCC_WARN_UNUSED_FUNCTION = YES;
				GCC_WARN_UNUSED_VARIABLE = YES;
				MACOSX_DEPLOYMENT_TARGET = 10.14;
				MTL_ENABLE_DEBUG_INFO = NO;
				SDKROOT = macosx;
			};
			name = Release;
		};
		0371ABD31A6EAF2E00029CF8 /* Debug */ = {
			isa = XCBuildConfiguration;
			buildSettings = {
				CODE_SIGN_IDENTITY = "-";
				GCC_PREPROCESSOR_DEFINITIONS = (
					"$(inherited)",
					"PLATFORM_OSX=1",
				);
				HEADER_SEARCH_PATHS = (
					"$(inherited)",
					/Applications/Xcode.app/Contents/Developer/Toolchains/XcodeDefault.xctoolchain/usr/include,
					"../Libraries/glfw-3.3/include",
					"../Libraries/glew-2.1.0/include",
					"../Libraries/FreeImage-3170/Source",
				);
				LIBRARY_SEARCH_PATHS = (
					"$(inherited)",
					"../Libraries/FreeImage-3170/lib/osx",
					"../Libraries/glfw-3.3/lib/osx",
					"../Libraries/glew-2.1.0/lib/osx",
				);
				PRODUCT_NAME = "$(TARGET_NAME)";
			};
			name = Debug;
		};
		0371ABD41A6EAF2E00029CF8 /* Release */ = {
			isa = XCBuildConfiguration;
			buildSettings = {
				CODE_SIGN_IDENTITY = "-";
				GCC_PREPROCESSOR_DEFINITIONS = "PLATFORM_OSX=1";
				HEADER_SEARCH_PATHS = (
					"$(inherited)",
					/Applications/Xcode.app/Contents/Developer/Toolchains/XcodeDefault.xctoolchain/usr/include,
					"../Libraries/glfw-3.3/include",
					"../Libraries/glew-2.1.0/include",
					"../Libraries/FreeImage-3170/Source",
				);
				LIBRARY_SEARCH_PATHS = (
					"$(inherited)",
					"../Libraries/FreeImage-3170/lib/osx",
					"../Libraries/glfw-3.3/lib/osx",
					"../Libraries/glew-2.1.0/lib/osx",
				);
				PRODUCT_NAME = "$(TARGET_NAME)";
			};
			name = Release;
		};
/* End XCBuildConfiguration section */

/* Begin XCConfigurationList section */
		0371ABC61A6EAF2E00029CF8 /* Build configuration list for PBXProject "COMP371 Final Project" */ = {
			isa = XCConfigurationList;
			buildConfigurations = (
				0371ABD01A6EAF2E00029CF8 /* Debug */,
				0371ABD11A6EAF2E00029CF8 /* Release */,
			);
			defaultConfigurationIsVisible = 0;
			defaultConfigurationName = Release;
		};
		0371ABD21A6EAF2E00029CF8 /* Build configuration list for PBXNativeTarget "COMP371_Labs" */ = {
			isa = XCConfigurationList;
			buildConfigurations = (
				0371ABD31A6EAF2E00029CF8 /* Debug */,
				0371ABD41A6EAF2E00029CF8 /* Release */,
			);
			defaultConfigurationIsVisible = 0;
			defaultConfigurationName = Release;
		};
/* End XCConfigurationList section */
	};
	rootObject = 0371ABC31A6EAF2E00029CF8 /* Project object */;
}
