<?xml version="1.0" encoding="utf-8"?>
<Project ToolsVersion="4.0" xmlns="http://schemas.microsoft.com/developer/msbuild/2003">
  <ItemGroup>
    <Filter Include="Src">
      <UniqueIdentifier>{02176b23-ec9b-4a4c-8ce4-26a3cccd1783}</UniqueIdentifier>
    </Filter>
    <Filter Include="Src\Graphics">
      <UniqueIdentifier>{077139ee-4f17-48d5-a6fc-f68cd63403e7}</UniqueIdentifier>
    </Filter>
    <Filter Include="Src\Math">
      <UniqueIdentifier>{7283d9da-dd93-46cd-83a5-5154fdd59b88}</UniqueIdentifier>
    </Filter>
    <Filter Include="Src\Utils">
      <UniqueIdentifier>{03fb72b8-7d44-4d32-b867-66bb610c3ed9}</UniqueIdentifier>
    </Filter>
    <Filter Include="Src\Controllers">
      <UniqueIdentifier>{b0881b22-0ab1-45ec-99bc-003dc812566a}</UniqueIdentifier>
    </Filter>
    <Filter Include="Src\Objects">
      <UniqueIdentifier>{91d7244e-4015-42ba-921c-3d064e56a853}</UniqueIdentifier>
    </Filter>
    <Filter Include="Src\Primitives">
      <UniqueIdentifier>{a18bfabc-2c4d-4b2e-84ba-08ecda2e9678}</UniqueIdentifier>
    </Filter>
  </ItemGroup>
  <ItemGroup>
    <ClCompile Include="..\Src\Main.cpp">
      <Filter>Src</Filter>
    </ClCompile>
    <ClCompile Include="..\Src\Graphics\Camera.cpp">
      <Filter>Src\Graphics</Filter>
    </ClCompile>
    <ClCompile Include="..\Src\Graphics\Mesh.cpp">
      <Filter>Src\Graphics</Filter>
    </ClCompile>
    <ClCompile Include="..\Src\Graphics\Shader.cpp">
      <Filter>Src\Graphics</Filter>
    </ClCompile>
    <ClCompile Include="..\Src\Math\MathUtil.cpp">
      <Filter>Src\Math</Filter>
    </ClCompile>
    <ClCompile Include="..\Src\Math\Matrix.cpp">
      <Filter>Src\Math</Filter>
    </ClCompile>
    <ClCompile Include="..\Src\Math\Vector.cpp">
      <Filter>Src\Math</Filter>
    </ClCompile>
    <ClCompile Include="..\Src\Utils\String.cpp">
      <Filter>Src\Utils</Filter>
    </ClCompile>
    <ClCompile Include="..\Src\Graphics\Texture.cpp">
      <Filter>Src\Graphics</Filter>
    </ClCompile>
    <ClCompile Include="..\Src\Controllers\Player.cpp">
      <Filter>Src\Controllers</Filter>
    </ClCompile>
    <ClCompile Include="..\Src\Objects\Car.cpp">
      <Filter>Src\Objects</Filter>
    </ClCompile>
    <ClCompile Include="..\Src\Objects\RectCollider.cpp">
      <Filter>Src\Objects</Filter>
    </ClCompile>
    <ClCompile Include="..\Src\Objects\Smoke.cpp">
      <Filter>Src\Objects</Filter>
    </ClCompile>
    <ClCompile Include="..\Src\Primitives\Axis.cpp">
      <Filter>Src\Primitives</Filter>
    </ClCompile>
    <ClCompile Include="..\Src\Primitives\Cube.cpp">
      <Filter>Src\Primitives</Filter>
    </ClCompile>
    <ClCompile Include="..\Src\Primitives\Grid.cpp">
      <Filter>Src\Primitives</Filter>
    </ClCompile>
    <ClCompile Include="..\Src\Primitives\Quad.cpp">
      <Filter>Src\Primitives</Filter>
    </ClCompile>
    <ClCompile Include="..\Src\Primitives\Triangle.cpp">
      <Filter>Src\Primitives</Filter>
    </ClCompile>
    <ClCompile Include="..\Src\Primitives\Wheel.cpp">
      <Filter>Src\Primitives</Filter>
    </ClCompile>
    <ClCompile Include="..\Src\Controllers\AI.cpp">
      <Filter>Src\Controllers</Filter>
    </ClCompile>
    <ClCompile Include="..\Src\Utils\Timing.cpp">
      <Filter>Src\Utils</Filter>
    </ClCompile>
    <ClCompile Include="..\Src\Utils\InputUtil.cpp">
      <Filter>Src\Utils</Filter>
    </ClCompile>
    <ClCompile Include="..\Src\Graphics\Sprite.cpp">
      <Filter>Src\Graphics</Filter>
    </ClCompile>
    <ClCompile Include="..\Src\Math\Line.cpp">
      <Filter>Src\Math</Filter>
    </ClCompile>
  </ItemGroup>
  <ItemGroup>
    <ClInclude Include="..\Src\Graphics\Camera.h">
      <Filter>Src\Graphics</Filter>
    </ClInclude>
    <ClInclude Include="..\Src\Graphics\Mesh.h">
      <Filter>Src\Graphics</Filter>
    </ClInclude>
    <ClInclude Include="..\Src\Graphics\Shader.h">
      <Filter>Src\Graphics</Filter>
    </ClInclude>
    <ClInclude Include="..\Src\Math\MathUtil.h">
      <Filter>Src\Math</Filter>
    </ClInclude>
    <ClInclude Include="..\Src\Math\Matrix.h">
      <Filter>Src\Math</Filter>
    </ClInclude>
    <ClInclude Include="..\Src\Math\Vector.h">
      <Filter>Src\Math</Filter>
    </ClInclude>
    <ClInclude Include="..\Src\Utils\String.h">
      <Filter>Src\Utils</Filter>
    </ClInclude>
    <ClInclude Include="..\Src\Graphics\Texture.h">
      <Filter>Src\Graphics</Filter>
    </ClInclude>
    <ClInclude Include="..\Src\Controllers\Player.h">
      <Filter>Src\Controllers</Filter>
    </ClInclude>
    <ClInclude Include="..\Src\Objects\Car.h">
      <Filter>Src\Objects</Filter>
    </ClInclude>
    <ClInclude Include="..\Src\Objects\RectCollider.h">
      <Filter>Src\Objects</Filter>
    </ClInclude>
    <ClInclude Include="..\Src\Objects\Smoke.h">
      <Filter>Src\Objects</Filter>
    </ClInclude>
    <ClInclude Include="..\Src\Primitives\Axis.h">
      <Filter>Src\Primitives</Filter>
    </ClInclude>
    <ClInclude Include="..\Src\Primitives\Cube.h">
      <Filter>Src\Primitives</Filter>
    </ClInclude>
    <ClInclude Include="..\Src\Primitives\Grid.h">
      <Filter>Src\Primitives</Filter>
    </ClInclude>
    <ClInclude Include="..\Src\Primitives\Quad.h">
      <Filter>Src\Primitives</Filter>
    </ClInclude>
    <ClInclude Include="..\Src\Primitives\Triangle.h">
      <Filter>Src\Primitives</Filter>
    </ClInclude>
    <ClInclude Include="..\Src\Primitives\Wheel.h">
      <Filter>Src\Primitives</Filter>
    </ClInclude>
    <ClInclude Include="..\Src\Controllers\AI.h">
      <Filter>Src\Controllers</Filter>
    </ClInclude>
    <ClInclude Include="..\Src\Utils\Timing.h">
      <Filter>Src\Utils</Filter>
    </ClInclude>
    <ClInclude Include="..\Src\Utils\InputUtil.h">
      <Filter>Src\Utils</Filter>
    </ClInclude>
    <ClInclude Include="..\Src\Utils\OBJ_Loader.h">
      <Filter>Src\Utils</Filter>
    </ClInclude>
    <ClInclude Include="..\Src\Graphics\Sprite.h">
      <Filter>Src\Graphics</Filter>
    </ClInclude>
    <ClInclude Include="..\Src\Math\Line.h">
      <Filter>Src\Math</Filter>
    </ClInclude>
  </ItemGroup>
</Project>